
Microsoft Visual Studio Solution File, Format Version 12.00
# Visual Studio Version 16
VisualStudioVersion = 16.0.31605.320
MinimumVisualStudioVersion = 10.0.40219.1
Project("{9A19103F-16F7-4668-BE54-9A1E7A4F7556}") = "EntityCache", "EntityCache\EntityCache.csproj", "{0AB4C58D-9A88-45D3-BA12-7B1A9AB949FB}"
EndProject
Project("{FAE04EC0-301F-11D3-BF4B-00C04F79EFBC}") = "EntityCache.demo", "EntityCache.demo\EntityCache.demo.csproj", "{965C429A-4165-48A4-B493-497695BA276E}"
EndProject
Global
	GlobalSection(SolutionConfigurationPlatforms) = preSolution
		Debug|Any CPU = Debug|Any CPU
		Release|Any CPU = Release|Any CPU
	EndGlobalSection
	GlobalSection(ProjectConfigurationPlatforms) = postSolution
		{0AB4C58D-9A88-45D3-BA12-7B1A9AB949FB}.Debug|Any CPU.ActiveCfg = Debug|Any CPU
		{0AB4C58D-9A88-45D3-BA12-7B1A9AB949FB}.Debug|Any CPU.Build.0 = Debug|Any CPU
		{0AB4C58D-9A88-45D3-BA12-7B1A9AB949FB}.Release|Any CPU.ActiveCfg = Release|Any CPU
		{0AB4C58D-9A88-45D3-BA12-7B1A9AB949FB}.Release|Any CPU.Build.0 = Release|Any CPU
		{965C429A-4165-48A4-B493-497695BA276E}.Debug|Any CPU.ActiveCfg = Debug|Any CPU
		{965C429A-4165-48A4-B493-497695BA276E}.Debug|Any CPU.Build.0 = Debug|Any CPU
		{965C429A-4165-48A4-B493-497695BA276E}.Release|Any CPU.ActiveCfg = Release|Any CPU
		{965C429A-4165-48A4-B493-497695BA276E}.Release|Any CPU.Build.0 = Release|Any CPU
	EndGlobalSection
	GlobalSection(SolutionProperties) = preSolution
		HideSolutionNode = FALSE
	EndGlobalSection
	GlobalSection(ExtensibilityGlobals) = postSolution
		SolutionGuid = {9347113A-0A22-4FD7-9D23-8459CFB536B0}
	EndGlobalSection
EndGlobal
